
Microsoft Visual Studio Solution File, Format Version 12.00
# Visual Studio Version 17
VisualStudioVersion = 17.3.32929.385
MinimumVisualStudioVersion = 10.0.40219.1
Project("{FAE04EC0-301F-11D3-BF4B-00C04F79EFBC}") = "AddressBook", "AddressBook.csproj", "{CF13FCF7-6A78-444D-B292-1547BACC694B}"
EndProject
Global
	GlobalSection(SolutionConfigurationPlatforms) = preSolution
		Debug|Any CPU = Debug|Any CPU
		Release|Any CPU = Release|Any CPU
	EndGlobalSection
	GlobalSection(ProjectConfigurationPlatforms) = postSolution
		{CF13FCF7-6A78-444D-B292-1547BACC694B}.Debug|Any CPU.ActiveCfg = Debug|Any CPU
		{CF13FCF7-6A78-444D-B292-1547BACC694B}.Debug|Any CPU.Build.0 = Debug|Any CPU
		{CF13FCF7-6A78-444D-B292-1547BACC694B}.Release|Any CPU.ActiveCfg = Release|Any CPU
		{CF13FCF7-6A78-444D-B292-1547BACC694B}.Release|Any CPU.Build.0 = Release|Any CPU
	EndGlobalSection
	GlobalSection(SolutionProperties) = preSolution
		HideSolutionNode = FALSE
	EndGlobalSection
	GlobalSection(ExtensibilityGlobals) = postSolution
		SolutionGuid = {F1BDD322-31E6-4873-8F45-7F125EF7DA80}
	EndGlobalSection
EndGlobal
